
Microsoft Visual Studio Solution File, Format Version 12.00
# Visual Studio 15
Project("{FAE04EC0-301F-11D3-BF4B-00C04F79EFBC}") = "Assembly-CSharp", "Assembly-CSharp.csproj", "{38FC35F8-C952-0D14-81D9-186E27C3E459}"
EndProject
Global
	GlobalSection(SolutionConfigurationPlatforms) = preSolution
		Debug|Any CPU = Debug|Any CPU
		Release|Any CPU = Release|Any CPU
	EndGlobalSection
	GlobalSection(ProjectConfigurationPlatforms) = postSolution
		{38FC35F8-C952-0D14-81D9-186E27C3E459}.Debug|Any CPU.ActiveCfg = Debug|Any CPU
		{38FC35F8-C952-0D14-81D9-186E27C3E459}.Debug|Any CPU.Build.0 = Debug|Any CPU
		{38FC35F8-C952-0D14-81D9-186E27C3E459}.Release|Any CPU.ActiveCfg = Release|Any CPU
		{38FC35F8-C952-0D14-81D9-186E27C3E459}.Release|Any CPU.Build.0 = Release|Any CPU
	EndGlobalSection
	GlobalSection(SolutionProperties) = preSolution
		HideSolutionNode = FALSE
	EndGlobalSection
EndGlobal
